// !$*UTF8*$!
{
	archiveVersion = 1;
	classes = {
	};
	objectVersion = 46;
	objects = {

/* Begin PBXBuildFile section */
		5018E2631C00E26800F02538 /* TTUITableViewZoomController.m in Sources */ = {isa = PBXBuildFile; fileRef = 5018E2621C00E26800F02538 /* TTUITableViewZoomController.m */; };
		5018E2671C00E45900F02538 /* NewsTableViewCell.m in Sources */ = {isa = PBXBuildFile; fileRef = 5018E2651C00E45900F02538 /* NewsTableViewCell.m */; };
		5030C25C1BF92ACA00D3E3DB /* NewsViewController.m in Sources */ = {isa = PBXBuildFile; fileRef = 5030C25B1BF92ACA00D3E3DB /* NewsViewController.m */; };
		5030C2681BF92FFA00D3E3DB /* Main.storyboard in Resources */ = {isa = PBXBuildFile; fileRef = 5030C2661BF92FFA00D3E3DB /* Main.storyboard */; };
		5030C27A1BFA807200D3E3DB /* ArticleViewController.m in Sources */ = {isa = PBXBuildFile; fileRef = 5030C2791BFA807200D3E3DB /* ArticleViewController.m */; };
		5030C27D1BFA971800D3E3DB /* AnalysisViewController.m in Sources */ = {isa = PBXBuildFile; fileRef = 5030C27C1BFA971800D3E3DB /* AnalysisViewController.m */; };
		5030C2AB1BFD1B7E00D3E3DB /* NewsSearchViewController.m in Sources */ = {isa = PBXBuildFile; fileRef = 5030C2AA1BFD1B7E00D3E3DB /* NewsSearchViewController.m */; };
		5079DC241BED7D32009AAD8F /* main.m in Sources */ = {isa = PBXBuildFile; fileRef = 5079DC231BED7D32009AAD8F /* main.m */; };
		5079DC271BED7D32009AAD8F /* AppDelegate.m in Sources */ = {isa = PBXBuildFile; fileRef = 5079DC261BED7D32009AAD8F /* AppDelegate.m */; };
		5079DC2F1BED7D32009AAD8F /* Assets.xcassets in Resources */ = {isa = PBXBuildFile; fileRef = 5079DC2E1BED7D32009AAD8F /* Assets.xcassets */; };
		5079DC321BED7D32009AAD8F /* LaunchScreen.storyboard in Resources */ = {isa = PBXBuildFile; fileRef = 5079DC301BED7D32009AAD8F /* LaunchScreen.storyboard */; };
		50E83FCC1C0218C500B3FD5E /* SearchResultsTableViewController.m in Sources */ = {isa = PBXBuildFile; fileRef = 50E83FCB1C0218C500B3FD5E /* SearchResultsTableViewController.m */; };
		50E83FD31C0219D100B3FD5E /* ArticleTableViewCell.xib in Resources */ = {isa = PBXBuildFile; fileRef = 50E83FD11C0219D100B3FD5E /* ArticleTableViewCell.xib */; };
		50E83FD71C04FF1900B3FD5E /* SearchArticleViewController.m in Sources */ = {isa = PBXBuildFile; fileRef = 50E83FD61C04FF1900B3FD5E /* SearchArticleViewController.m */; };
		50EE22121BF67C6A0027B7B4 /* Article.m in Sources */ = {isa = PBXBuildFile; fileRef = 50EE22111BF67C6A0027B7B4 /* Article.m */; };
		7A61CD67CE97508AD6DEE8FE /* libPods.a in Frameworks */ = {isa = PBXBuildFile; fileRef = 9F15528B6B0E0224C6E7E9EC /* libPods.a */; };
		89CF8A5D1C0231DD00922F2F /* Rockwell.ttf in Resources */ = {isa = PBXBuildFile; fileRef = 89CF8A5C1C0231DD00922F2F /* Rockwell.ttf */; };
		89ED1C3D1C12822D006F873F /* CoreData.framework in Frameworks */ = {isa = PBXBuildFile; fileRef = 89ED1C3C1C12822D006F873F /* CoreData.framework */; };
		89ED1C401C128291006F873F /* UserDataModel.xcdatamodeld in Sources */ = {isa = PBXBuildFile; fileRef = 89ED1C3E1C128291006F873F /* UserDataModel.xcdatamodeld */; };
		AB0528FF1C00070800FC4D42 /* UserProfileViewController.m in Sources */ = {isa = PBXBuildFile; fileRef = AB0528FE1C00070800FC4D42 /* UserProfileViewController.m */; };
		AB0529031C00089A00FC4D42 /* AggregatedAnalysis.m in Sources */ = {isa = PBXBuildFile; fileRef = AB0529021C00089A00FC4D42 /* AggregatedAnalysis.m */; };
		AB0529061C0008BC00FC4D42 /* User.m in Sources */ = {isa = PBXBuildFile; fileRef = AB0529051C0008BC00FC4D42 /* User.m */; };
		AB0529091C00224B00FC4D42 /* SavedArticleManager.m in Sources */ = {isa = PBXBuildFile; fileRef = AB0529081C00224B00FC4D42 /* SavedArticleManager.m */; };
		AB05290C1C00288F00FC4D42 /* ReadArticlesTableViewCell.m in Sources */ = {isa = PBXBuildFile; fileRef = AB05290B1C00288F00FC4D42 /* ReadArticlesTableViewCell.m */; };
		AB60339D1C04146A00E9D727 /* AggregatedAnalysisViewController.m in Sources */ = {isa = PBXBuildFile; fileRef = AB60339C1C04146900E9D727 /* AggregatedAnalysisViewController.m */; };
		AB675E1D1C04D6AA000ADB02 /* refactoringFile in Resources */ = {isa = PBXBuildFile; fileRef = AB675E1C1C04D6AA000ADB02 /* refactoringFile */; };
		AB884DDF1C00CB6800A85496 /* DetailReadArticlesViewController.m in Sources */ = {isa = PBXBuildFile; fileRef = AB884DDE1C00CB6800A85496 /* DetailReadArticlesViewController.m */; };
		AB884E071C02132600A85496 /* DirectionalTone.m in Sources */ = {isa = PBXBuildFile; fileRef = AB884E061C02132600A85496 /* DirectionalTone.m */; };
		ABCAC60B1C0C251000CD1B08 /* AggregatedAnalysisView.m in Sources */ = {isa = PBXBuildFile; fileRef = ABCAC60A1C0C250F00CD1B08 /* AggregatedAnalysisView.m */; };
/* End PBXBuildFile section */

/* Begin PBXFileReference section */
		5018E2611C00E26800F02538 /* TTUITableViewZoomController.h */ = {isa = PBXFileReference; fileEncoding = 4; lastKnownFileType = sourcecode.c.h; path = TTUITableViewZoomController.h; sourceTree = "<group>"; };
		5018E2621C00E26800F02538 /* TTUITableViewZoomController.m */ = {isa = PBXFileReference; fileEncoding = 4; lastKnownFileType = sourcecode.c.objc; path = TTUITableViewZoomController.m; sourceTree = "<group>"; };
		5018E2641C00E45900F02538 /* NewsTableViewCell.h */ = {isa = PBXFileReference; fileEncoding = 4; lastKnownFileType = sourcecode.c.h; path = NewsTableViewCell.h; sourceTree = "<group>"; };
		5018E2651C00E45900F02538 /* NewsTableViewCell.m */ = {isa = PBXFileReference; fileEncoding = 4; lastKnownFileType = sourcecode.c.objc; path = NewsTableViewCell.m; sourceTree = "<group>"; };
		5030C25A1BF92ACA00D3E3DB /* NewsViewController.h */ = {isa = PBXFileReference; fileEncoding = 4; lastKnownFileType = sourcecode.c.h; path = NewsViewController.h; sourceTree = "<group>"; };
		5030C25B1BF92ACA00D3E3DB /* NewsViewController.m */ = {isa = PBXFileReference; fileEncoding = 4; lastKnownFileType = sourcecode.c.objc; path = NewsViewController.m; sourceTree = "<group>"; };
		5030C2671BF92FFA00D3E3DB /* Base */ = {isa = PBXFileReference; lastKnownFileType = file.storyboard; name = Base; path = Base.lproj/Main.storyboard; sourceTree = "<group>"; };
		5030C2781BFA807200D3E3DB /* ArticleViewController.h */ = {isa = PBXFileReference; fileEncoding = 4; lastKnownFileType = sourcecode.c.h; path = ArticleViewController.h; sourceTree = "<group>"; };
		5030C2791BFA807200D3E3DB /* ArticleViewController.m */ = {isa = PBXFileReference; fileEncoding = 4; lastKnownFileType = sourcecode.c.objc; path = ArticleViewController.m; sourceTree = "<group>"; };
		5030C27B1BFA971800D3E3DB /* AnalysisViewController.h */ = {isa = PBXFileReference; fileEncoding = 4; lastKnownFileType = sourcecode.c.h; path = AnalysisViewController.h; sourceTree = "<group>"; };
		5030C27C1BFA971800D3E3DB /* AnalysisViewController.m */ = {isa = PBXFileReference; fileEncoding = 4; lastKnownFileType = sourcecode.c.objc; path = AnalysisViewController.m; sourceTree = "<group>"; };
		5030C2A91BFD1B7E00D3E3DB /* NewsSearchViewController.h */ = {isa = PBXFileReference; fileEncoding = 4; lastKnownFileType = sourcecode.c.h; path = NewsSearchViewController.h; sourceTree = "<group>"; };
		5030C2AA1BFD1B7E00D3E3DB /* NewsSearchViewController.m */ = {isa = PBXFileReference; fileEncoding = 4; lastKnownFileType = sourcecode.c.objc; path = NewsSearchViewController.m; sourceTree = "<group>"; };
		5079DC1F1BED7D32009AAD8F /* Frame.app */ = {isa = PBXFileReference; explicitFileType = wrapper.application; includeInIndex = 0; path = Frame.app; sourceTree = BUILT_PRODUCTS_DIR; };
		5079DC231BED7D32009AAD8F /* main.m */ = {isa = PBXFileReference; lastKnownFileType = sourcecode.c.objc; path = main.m; sourceTree = "<group>"; };
		5079DC251BED7D32009AAD8F /* AppDelegate.h */ = {isa = PBXFileReference; lastKnownFileType = sourcecode.c.h; path = AppDelegate.h; sourceTree = "<group>"; };
		5079DC261BED7D32009AAD8F /* AppDelegate.m */ = {isa = PBXFileReference; lastKnownFileType = sourcecode.c.objc; path = AppDelegate.m; sourceTree = "<group>"; };
		5079DC2E1BED7D32009AAD8F /* Assets.xcassets */ = {isa = PBXFileReference; lastKnownFileType = folder.assetcatalog; path = Assets.xcassets; sourceTree = "<group>"; };
		5079DC311BED7D32009AAD8F /* Base */ = {isa = PBXFileReference; lastKnownFileType = file.storyboard; name = Base; path = Base.lproj/LaunchScreen.storyboard; sourceTree = "<group>"; };
		5079DC331BED7D32009AAD8F /* Info.plist */ = {isa = PBXFileReference; lastKnownFileType = text.plist.xml; path = Info.plist; sourceTree = "<group>"; };
		50E83FCA1C0218C500B3FD5E /* SearchResultsTableViewController.h */ = {isa = PBXFileReference; fileEncoding = 4; lastKnownFileType = sourcecode.c.h; path = SearchResultsTableViewController.h; sourceTree = "<group>"; };
		50E83FCB1C0218C500B3FD5E /* SearchResultsTableViewController.m */ = {isa = PBXFileReference; fileEncoding = 4; lastKnownFileType = sourcecode.c.objc; path = SearchResultsTableViewController.m; sourceTree = "<group>"; };
		50E83FD11C0219D100B3FD5E /* ArticleTableViewCell.xib */ = {isa = PBXFileReference; fileEncoding = 4; lastKnownFileType = file.xib; path = ArticleTableViewCell.xib; sourceTree = "<group>"; };
		50E83FD51C04FF1900B3FD5E /* SearchArticleViewController.h */ = {isa = PBXFileReference; fileEncoding = 4; lastKnownFileType = sourcecode.c.h; path = SearchArticleViewController.h; sourceTree = "<group>"; };
		50E83FD61C04FF1900B3FD5E /* SearchArticleViewController.m */ = {isa = PBXFileReference; fileEncoding = 4; lastKnownFileType = sourcecode.c.objc; path = SearchArticleViewController.m; sourceTree = "<group>"; };
		50EE22101BF67C6A0027B7B4 /* Article.h */ = {isa = PBXFileReference; fileEncoding = 4; lastKnownFileType = sourcecode.c.h; path = Article.h; sourceTree = "<group>"; };
		50EE22111BF67C6A0027B7B4 /* Article.m */ = {isa = PBXFileReference; fileEncoding = 4; lastKnownFileType = sourcecode.c.objc; path = Article.m; sourceTree = "<group>"; };
		89CF8A5C1C0231DD00922F2F /* Rockwell.ttf */ = {isa = PBXFileReference; lastKnownFileType = file; path = Rockwell.ttf; sourceTree = "<group>"; };
		89ED1C3C1C12822D006F873F /* CoreData.framework */ = {isa = PBXFileReference; lastKnownFileType = wrapper.framework; name = CoreData.framework; path = System/Library/Frameworks/CoreData.framework; sourceTree = SDKROOT; };
		89ED1C3F1C128291006F873F /* UserDataModel.xcdatamodel */ = {isa = PBXFileReference; lastKnownFileType = wrapper.xcdatamodel; path = UserDataModel.xcdatamodel; sourceTree = "<group>"; };
		8F495C2BA51DA9F25CAA5D75 /* Pods.release.xcconfig */ = {isa = PBXFileReference; includeInIndex = 1; lastKnownFileType = text.xcconfig; name = Pods.release.xcconfig; path = "Pods/Target Support Files/Pods/Pods.release.xcconfig"; sourceTree = "<group>"; };
		9F15528B6B0E0224C6E7E9EC /* libPods.a */ = {isa = PBXFileReference; explicitFileType = archive.ar; includeInIndex = 0; path = libPods.a; sourceTree = BUILT_PRODUCTS_DIR; };
		AB0528FD1C00070800FC4D42 /* UserProfileViewController.h */ = {isa = PBXFileReference; fileEncoding = 4; lastKnownFileType = sourcecode.c.h; path = UserProfileViewController.h; sourceTree = "<group>"; };
		AB0528FE1C00070800FC4D42 /* UserProfileViewController.m */ = {isa = PBXFileReference; fileEncoding = 4; lastKnownFileType = sourcecode.c.objc; path = UserProfileViewController.m; sourceTree = "<group>"; };
		AB0529011C00089A00FC4D42 /* AggregatedAnalysis.h */ = {isa = PBXFileReference; fileEncoding = 4; lastKnownFileType = sourcecode.c.h; path = AggregatedAnalysis.h; sourceTree = "<group>"; };
		AB0529021C00089A00FC4D42 /* AggregatedAnalysis.m */ = {isa = PBXFileReference; fileEncoding = 4; lastKnownFileType = sourcecode.c.objc; path = AggregatedAnalysis.m; sourceTree = "<group>"; };
		AB0529041C0008BC00FC4D42 /* User.h */ = {isa = PBXFileReference; fileEncoding = 4; lastKnownFileType = sourcecode.c.h; path = User.h; sourceTree = "<group>"; };
		AB0529051C0008BC00FC4D42 /* User.m */ = {isa = PBXFileReference; fileEncoding = 4; lastKnownFileType = sourcecode.c.objc; path = User.m; sourceTree = "<group>"; };
		AB0529071C00224B00FC4D42 /* SavedArticleManager.h */ = {isa = PBXFileReference; fileEncoding = 4; lastKnownFileType = sourcecode.c.h; path = SavedArticleManager.h; sourceTree = "<group>"; };
		AB0529081C00224B00FC4D42 /* SavedArticleManager.m */ = {isa = PBXFileReference; fileEncoding = 4; lastKnownFileType = sourcecode.c.objc; path = SavedArticleManager.m; sourceTree = "<group>"; };
		AB05290A1C00288F00FC4D42 /* ReadArticlesTableViewCell.h */ = {isa = PBXFileReference; fileEncoding = 4; lastKnownFileType = sourcecode.c.h; path = ReadArticlesTableViewCell.h; sourceTree = "<group>"; };
		AB05290B1C00288F00FC4D42 /* ReadArticlesTableViewCell.m */ = {isa = PBXFileReference; fileEncoding = 4; lastKnownFileType = sourcecode.c.objc; path = ReadArticlesTableViewCell.m; sourceTree = "<group>"; };
		AB60339B1C04146900E9D727 /* AggregatedAnalysisViewController.h */ = {isa = PBXFileReference; fileEncoding = 4; lastKnownFileType = sourcecode.c.h; path = AggregatedAnalysisViewController.h; sourceTree = "<group>"; };
		AB60339C1C04146900E9D727 /* AggregatedAnalysisViewController.m */ = {isa = PBXFileReference; fileEncoding = 4; lastKnownFileType = sourcecode.c.objc; path = AggregatedAnalysisViewController.m; sourceTree = "<group>"; };
		AB675E1C1C04D6AA000ADB02 /* refactoringFile */ = {isa = PBXFileReference; fileEncoding = 4; lastKnownFileType = text; path = refactoringFile; sourceTree = "<group>"; };
		AB884DDD1C00CB6800A85496 /* DetailReadArticlesViewController.h */ = {isa = PBXFileReference; fileEncoding = 4; lastKnownFileType = sourcecode.c.h; path = DetailReadArticlesViewController.h; sourceTree = "<group>"; };
		AB884DDE1C00CB6800A85496 /* DetailReadArticlesViewController.m */ = {isa = PBXFileReference; fileEncoding = 4; lastKnownFileType = sourcecode.c.objc; path = DetailReadArticlesViewController.m; sourceTree = "<group>"; };
		AB884E051C02132600A85496 /* DirectionalTone.h */ = {isa = PBXFileReference; fileEncoding = 4; lastKnownFileType = sourcecode.c.h; path = DirectionalTone.h; sourceTree = "<group>"; };
		AB884E061C02132600A85496 /* DirectionalTone.m */ = {isa = PBXFileReference; fileEncoding = 4; lastKnownFileType = sourcecode.c.objc; path = DirectionalTone.m; sourceTree = "<group>"; };
		ABCAC6091C0C250F00CD1B08 /* AggregatedAnalysisView.h */ = {isa = PBXFileReference; fileEncoding = 4; lastKnownFileType = sourcecode.c.h; path = AggregatedAnalysisView.h; sourceTree = "<group>"; };
		ABCAC60A1C0C250F00CD1B08 /* AggregatedAnalysisView.m */ = {isa = PBXFileReference; fileEncoding = 4; lastKnownFileType = sourcecode.c.objc; path = AggregatedAnalysisView.m; sourceTree = "<group>"; };
		F047351E0C4F1884A29A8967 /* Pods.debug.xcconfig */ = {isa = PBXFileReference; includeInIndex = 1; lastKnownFileType = text.xcconfig; name = Pods.debug.xcconfig; path = "Pods/Target Support Files/Pods/Pods.debug.xcconfig"; sourceTree = "<group>"; };
/* End PBXFileReference section */

/* Begin PBXFrameworksBuildPhase section */
		5079DC1C1BED7D31009AAD8F /* Frameworks */ = {
			isa = PBXFrameworksBuildPhase;
			buildActionMask = 2147483647;
			files = (
				89ED1C3D1C12822D006F873F /* CoreData.framework in Frameworks */,
				7A61CD67CE97508AD6DEE8FE /* libPods.a in Frameworks */,
			);
			runOnlyForDeploymentPostprocessing = 0;
		};
/* End PBXFrameworksBuildPhase section */

/* Begin PBXGroup section */
		5030C2651BF92D2400D3E3DB /* TrendingNewsTableView */ = {
			isa = PBXGroup;
			children = (
				5030C25A1BF92ACA00D3E3DB /* NewsViewController.h */,
				5030C25B1BF92ACA00D3E3DB /* NewsViewController.m */,
				5018E2641C00E45900F02538 /* NewsTableViewCell.h */,
				5018E2651C00E45900F02538 /* NewsTableViewCell.m */,
				5030C2781BFA807200D3E3DB /* ArticleViewController.h */,
				5030C2791BFA807200D3E3DB /* ArticleViewController.m */,
			);
			name = TrendingNewsTableView;
			sourceTree = "<group>";
		};
		5030C27E1BFB749400D3E3DB /* Model */ = {
			isa = PBXGroup;
			children = (
				AB0529001C00071900FC4D42 /* User(s) */,
				50EE22101BF67C6A0027B7B4 /* Article.h */,
				50EE22111BF67C6A0027B7B4 /* Article.m */,
				AB884E051C02132600A85496 /* DirectionalTone.h */,
				AB884E061C02132600A85496 /* DirectionalTone.m */,
			);
			name = Model;
			sourceTree = "<group>";
		};
		5030C2A51BFD084600D3E3DB /* Controllers */ = {
			isa = PBXGroup;
			children = (
				5030C2651BF92D2400D3E3DB /* TrendingNewsTableView */,
				50E83FD41C04FE0900B3FD5E /* Search Tab */,
				89BADE761BFBCE79002F31FC /* Analysis */,
				AB675E1C1C04D6AA000ADB02 /* refactoringFile */,
			);
			name = Controllers;
			sourceTree = "<group>";
		};
		5079DC161BED7D31009AAD8F = {
			isa = PBXGroup;
			children = (
				5079DC211BED7D32009AAD8F /* Frame */,
				5079DC201BED7D32009AAD8F /* Products */,
				EB9E077C5042E33383DC827B /* Pods */,
				B29F95BEDAEDA40BAD817CB9 /* Frameworks */,
			);
			sourceTree = "<group>";
		};
		5079DC201BED7D32009AAD8F /* Products */ = {
			isa = PBXGroup;
			children = (
				5079DC1F1BED7D32009AAD8F /* Frame.app */,
			);
			name = Products;
			sourceTree = "<group>";
		};
		5079DC211BED7D32009AAD8F /* Frame */ = {
			isa = PBXGroup;
			children = (
				5030C27E1BFB749400D3E3DB /* Model */,
				5030C2A51BFD084600D3E3DB /* Controllers */,
				5030C2661BF92FFA00D3E3DB /* Main.storyboard */,
				50E83FD11C0219D100B3FD5E /* ArticleTableViewCell.xib */,
				5079DC2E1BED7D32009AAD8F /* Assets.xcassets */,
				5079DC301BED7D32009AAD8F /* LaunchScreen.storyboard */,
				5079DC331BED7D32009AAD8F /* Info.plist */,
				89ED1C3E1C128291006F873F /* UserDataModel.xcdatamodeld */,
				5079DC221BED7D32009AAD8F /* Supporting Files */,
			);
			path = Frame;
			sourceTree = "<group>";
		};
		5079DC221BED7D32009AAD8F /* Supporting Files */ = {
			isa = PBXGroup;
			children = (
				5079DC251BED7D32009AAD8F /* AppDelegate.h */,
				5079DC261BED7D32009AAD8F /* AppDelegate.m */,
				5018E2611C00E26800F02538 /* TTUITableViewZoomController.h */,
				5018E2621C00E26800F02538 /* TTUITableViewZoomController.m */,
				5079DC231BED7D32009AAD8F /* main.m */,
				89CF8A5C1C0231DD00922F2F /* Rockwell.ttf */,
			);
			name = "Supporting Files";
			sourceTree = "<group>";
		};
		50E83FD41C04FE0900B3FD5E /* Search Tab */ = {
			isa = PBXGroup;
			children = (
				5030C2A91BFD1B7E00D3E3DB /* NewsSearchViewController.h */,
				5030C2AA1BFD1B7E00D3E3DB /* NewsSearchViewController.m */,
				50E83FCA1C0218C500B3FD5E /* SearchResultsTableViewController.h */,
				50E83FCB1C0218C500B3FD5E /* SearchResultsTableViewController.m */,
				50E83FD51C04FF1900B3FD5E /* SearchArticleViewController.h */,
				50E83FD61C04FF1900B3FD5E /* SearchArticleViewController.m */,
			);
			name = "Search Tab";
			sourceTree = "<group>";
		};
		89BADE761BFBCE79002F31FC /* Analysis */ = {
			isa = PBXGroup;
			children = (
				5030C27B1BFA971800D3E3DB /* AnalysisViewController.h */,
				5030C27C1BFA971800D3E3DB /* AnalysisViewController.m */,
			);
			name = Analysis;
			sourceTree = "<group>";
		};
		AB0529001C00071900FC4D42 /* User(s) */ = {
			isa = PBXGroup;
			children = (
				AB0529041C0008BC00FC4D42 /* User.h */,
				AB0529051C0008BC00FC4D42 /* User.m */,
				AB0529011C00089A00FC4D42 /* AggregatedAnalysis.h */,
				AB0529021C00089A00FC4D42 /* AggregatedAnalysis.m */,
				AB0529071C00224B00FC4D42 /* SavedArticleManager.h */,
				AB0529081C00224B00FC4D42 /* SavedArticleManager.m */,
				AB0528FD1C00070800FC4D42 /* UserProfileViewController.h */,
				AB0528FE1C00070800FC4D42 /* UserProfileViewController.m */,
				ABCAC6091C0C250F00CD1B08 /* AggregatedAnalysisView.h */,
				ABCAC60A1C0C250F00CD1B08 /* AggregatedAnalysisView.m */,
				AB884DDD1C00CB6800A85496 /* DetailReadArticlesViewController.h */,
				AB884DDE1C00CB6800A85496 /* DetailReadArticlesViewController.m */,
				AB05290A1C00288F00FC4D42 /* ReadArticlesTableViewCell.h */,
				AB05290B1C00288F00FC4D42 /* ReadArticlesTableViewCell.m */,
				AB60339B1C04146900E9D727 /* AggregatedAnalysisViewController.h */,
				AB60339C1C04146900E9D727 /* AggregatedAnalysisViewController.m */,
			);
			name = "User(s)";
			sourceTree = "<group>";
		};
		B29F95BEDAEDA40BAD817CB9 /* Frameworks */ = {
			isa = PBXGroup;
			children = (
				89ED1C3C1C12822D006F873F /* CoreData.framework */,
				9F15528B6B0E0224C6E7E9EC /* libPods.a */,
			);
			name = Frameworks;
			sourceTree = "<group>";
		};
		EB9E077C5042E33383DC827B /* Pods */ = {
			isa = PBXGroup;
			children = (
				F047351E0C4F1884A29A8967 /* Pods.debug.xcconfig */,
				8F495C2BA51DA9F25CAA5D75 /* Pods.release.xcconfig */,
			);
			name = Pods;
			sourceTree = "<group>";
		};
/* End PBXGroup section */

/* Begin PBXNativeTarget section */
		5079DC1E1BED7D31009AAD8F /* Frame */ = {
			isa = PBXNativeTarget;
			buildConfigurationList = 5079DC361BED7D32009AAD8F /* Build configuration list for PBXNativeTarget "Frame" */;
			buildPhases = (
				0C882CEB2E4CD42DAFDA4A9B /* Check Pods Manifest.lock */,
				5079DC1B1BED7D31009AAD8F /* Sources */,
				5079DC1C1BED7D31009AAD8F /* Frameworks */,
				5079DC1D1BED7D31009AAD8F /* Resources */,
				B0A132945451FB461C70EC2A /* Copy Pods Resources */,
			);
			buildRules = (
			);
			dependencies = (
			);
			name = Frame;
			productName = Frame;
			productReference = 5079DC1F1BED7D32009AAD8F /* Frame.app */;
			productType = "com.apple.product-type.application";
		};
/* End PBXNativeTarget section */

/* Begin PBXProject section */
		5079DC171BED7D31009AAD8F /* Project object */ = {
			isa = PBXProject;
			attributes = {
				LastUpgradeCheck = 0710;
				ORGANIZATIONNAME = "Jovanny Espinal";
				TargetAttributes = {
					5079DC1E1BED7D31009AAD8F = {
						CreatedOnToolsVersion = 7.1;
						DevelopmentTeam = 26RHXP32FH;
					};
				};
			};
			buildConfigurationList = 5079DC1A1BED7D31009AAD8F /* Build configuration list for PBXProject "Frame" */;
			compatibilityVersion = "Xcode 3.2";
			developmentRegion = English;
			hasScannedForEncodings = 0;
			knownRegions = (
				en,
				Base,
			);
			mainGroup = 5079DC161BED7D31009AAD8F;
			productRefGroup = 5079DC201BED7D32009AAD8F /* Products */;
			projectDirPath = "";
			projectRoot = "";
			targets = (
				5079DC1E1BED7D31009AAD8F /* Frame */,
			);
		};
/* End PBXProject section */

/* Begin PBXResourcesBuildPhase section */
		5079DC1D1BED7D31009AAD8F /* Resources */ = {
			isa = PBXResourcesBuildPhase;
			buildActionMask = 2147483647;
			files = (
				50E83FD31C0219D100B3FD5E /* ArticleTableViewCell.xib in Resources */,
				89CF8A5D1C0231DD00922F2F /* Rockwell.ttf in Resources */,
				5079DC321BED7D32009AAD8F /* LaunchScreen.storyboard in Resources */,
				AB675E1D1C04D6AA000ADB02 /* refactoringFile in Resources */,
				5079DC2F1BED7D32009AAD8F /* Assets.xcassets in Resources */,
				5030C2681BF92FFA00D3E3DB /* Main.storyboard in Resources */,
			);
			runOnlyForDeploymentPostprocessing = 0;
		};
/* End PBXResourcesBuildPhase section */

/* Begin PBXShellScriptBuildPhase section */
		0C882CEB2E4CD42DAFDA4A9B /* Check Pods Manifest.lock */ = {
			isa = PBXShellScriptBuildPhase;
			buildActionMask = 2147483647;
			files = (
			);
			inputPaths = (
			);
			name = "Check Pods Manifest.lock";
			outputPaths = (
			);
			runOnlyForDeploymentPostprocessing = 0;
			shellPath = /bin/sh;
			shellScript = "diff \"${PODS_ROOT}/../Podfile.lock\" \"${PODS_ROOT}/Manifest.lock\" > /dev/null\nif [[ $? != 0 ]] ; then\n    cat << EOM\nerror: The sandbox is not in sync with the Podfile.lock. Run 'pod install' or update your CocoaPods installation.\nEOM\n    exit 1\nfi\n";
			showEnvVarsInLog = 0;
		};
		B0A132945451FB461C70EC2A /* Copy Pods Resources */ = {
			isa = PBXShellScriptBuildPhase;
			buildActionMask = 2147483647;
			files = (
			);
			inputPaths = (
			);
			name = "Copy Pods Resources";
			outputPaths = (
			);
			runOnlyForDeploymentPostprocessing = 0;
			shellPath = /bin/sh;
			shellScript = "\"${SRCROOT}/Pods/Target Support Files/Pods/Pods-resources.sh\"\n";
			showEnvVarsInLog = 0;
		};
/* End PBXShellScriptBuildPhase section */

/* Begin PBXSourcesBuildPhase section */
		5079DC1B1BED7D31009AAD8F /* Sources */ = {
			isa = PBXSourcesBuildPhase;
			buildActionMask = 2147483647;
			files = (
				AB884DDF1C00CB6800A85496 /* DetailReadArticlesViewController.m in Sources */,
				50E83FCC1C0218C500B3FD5E /* SearchResultsTableViewController.m in Sources */,
				50EE22121BF67C6A0027B7B4 /* Article.m in Sources */,
				5079DC271BED7D32009AAD8F /* AppDelegate.m in Sources */,
				5079DC241BED7D32009AAD8F /* main.m in Sources */,
				AB0528FF1C00070800FC4D42 /* UserProfileViewController.m in Sources */,
				AB0529031C00089A00FC4D42 /* AggregatedAnalysis.m in Sources */,
				50E83FD71C04FF1900B3FD5E /* SearchArticleViewController.m in Sources */,
				5030C2AB1BFD1B7E00D3E3DB /* NewsSearchViewController.m in Sources */,
				AB0529091C00224B00FC4D42 /* SavedArticleManager.m in Sources */,
				5018E2631C00E26800F02538 /* TTUITableViewZoomController.m in Sources */,
				AB0529061C0008BC00FC4D42 /* User.m in Sources */,
				89ED1C401C128291006F873F /* UserDataModel.xcdatamodeld in Sources */,
				5030C25C1BF92ACA00D3E3DB /* NewsViewController.m in Sources */,
				ABCAC60B1C0C251000CD1B08 /* AggregatedAnalysisView.m in Sources */,
				AB884E071C02132600A85496 /* DirectionalTone.m in Sources */,
				5030C27D1BFA971800D3E3DB /* AnalysisViewController.m in Sources */,
				AB05290C1C00288F00FC4D42 /* ReadArticlesTableViewCell.m in Sources */,
				5018E2671C00E45900F02538 /* NewsTableViewCell.m in Sources */,
				5030C27A1BFA807200D3E3DB /* ArticleViewController.m in Sources */,
				AB60339D1C04146A00E9D727 /* AggregatedAnalysisViewController.m in Sources */,
			);
			runOnlyForDeploymentPostprocessing = 0;
		};
/* End PBXSourcesBuildPhase section */

/* Begin PBXVariantGroup section */
		5030C2661BF92FFA00D3E3DB /* Main.storyboard */ = {
			isa = PBXVariantGroup;
			children = (
				5030C2671BF92FFA00D3E3DB /* Base */,
			);
			name = Main.storyboard;
			sourceTree = "<group>";
		};
		5079DC301BED7D32009AAD8F /* LaunchScreen.storyboard */ = {
			isa = PBXVariantGroup;
			children = (
				5079DC311BED7D32009AAD8F /* Base */,
			);
			name = LaunchScreen.storyboard;
			sourceTree = "<group>";
		};
/* End PBXVariantGroup section */

/* Begin XCBuildConfiguration section */
		5079DC341BED7D32009AAD8F /* Debug */ = {
			isa = XCBuildConfiguration;
			buildSettings = {
				ALWAYS_SEARCH_USER_PATHS = NO;
				CLANG_CXX_LANGUAGE_STANDARD = "gnu++0x";
				CLANG_CXX_LIBRARY = "libc++";
				CLANG_ENABLE_MODULES = YES;
				CLANG_ENABLE_OBJC_ARC = YES;
				CLANG_WARN_BOOL_CONVERSION = YES;
				CLANG_WARN_CONSTANT_CONVERSION = YES;
				CLANG_WARN_DIRECT_OBJC_ISA_USAGE = YES_ERROR;
				CLANG_WARN_EMPTY_BODY = YES;
				CLANG_WARN_ENUM_CONVERSION = YES;
				CLANG_WARN_INT_CONVERSION = YES;
				CLANG_WARN_OBJC_ROOT_CLASS = YES_ERROR;
				CLANG_WARN_UNREACHABLE_CODE = YES;
				CLANG_WARN__DUPLICATE_METHOD_MATCH = YES;
				"CODE_SIGN_IDENTITY[sdk=iphoneos*]" = "iPhone Developer";
				COPY_PHASE_STRIP = NO;
				DEBUG_INFORMATION_FORMAT = dwarf;
				ENABLE_STRICT_OBJC_MSGSEND = YES;
				ENABLE_TESTABILITY = YES;
				GCC_C_LANGUAGE_STANDARD = gnu99;
				GCC_DYNAMIC_NO_PIC = NO;
				GCC_NO_COMMON_BLOCKS = YES;
				GCC_OPTIMIZATION_LEVEL = 0;
				GCC_PREPROCESSOR_DEFINITIONS = (
					"DEBUG=1",
					"$(inherited)",
				);
				GCC_WARN_64_TO_32_BIT_CONVERSION = YES;
				GCC_WARN_ABOUT_RETURN_TYPE = YES_ERROR;
				GCC_WARN_UNDECLARED_SELECTOR = YES;
				GCC_WARN_UNINITIALIZED_AUTOS = YES_AGGRESSIVE;
				GCC_WARN_UNUSED_FUNCTION = YES;
				GCC_WARN_UNUSED_VARIABLE = YES;
				IPHONEOS_DEPLOYMENT_TARGET = 9.1;
				MTL_ENABLE_DEBUG_INFO = YES;
				ONLY_ACTIVE_ARCH = YES;
				SDKROOT = iphoneos;
			};
			name = Debug;
		};
		5079DC351BED7D32009AAD8F /* Release */ = {
			isa = XCBuildConfiguration;
			buildSettings = {
				ALWAYS_SEARCH_USER_PATHS = NO;
				CLANG_CXX_LANGUAGE_STANDARD = "gnu++0x";
				CLANG_CXX_LIBRARY = "libc++";
				CLANG_ENABLE_MODULES = YES;
				CLANG_ENABLE_OBJC_ARC = YES;
				CLANG_WARN_BOOL_CONVERSION = YES;
				CLANG_WARN_CONSTANT_CONVERSION = YES;
				CLANG_WARN_DIRECT_OBJC_ISA_USAGE = YES_ERROR;
				CLANG_WARN_EMPTY_BODY = YES;
				CLANG_WARN_ENUM_CONVERSION = YES;
				CLANG_WARN_INT_CONVERSION = YES;
				CLANG_WARN_OBJC_ROOT_CLASS = YES_ERROR;
				CLANG_WARN_UNREACHABLE_CODE = YES;
				CLANG_WARN__DUPLICATE_METHOD_MATCH = YES;
				"CODE_SIGN_IDENTITY[sdk=iphoneos*]" = "iPhone Developer";
				COPY_PHASE_STRIP = NO;
				DEBUG_INFORMATION_FORMAT = "dwarf-with-dsym";
				ENABLE_NS_ASSERTIONS = NO;
				ENABLE_STRICT_OBJC_MSGSEND = YES;
				GCC_C_LANGUAGE_STANDARD = gnu99;
				GCC_NO_COMMON_BLOCKS = YES;
				GCC_WARN_64_TO_32_BIT_CONVERSION = YES;
				GCC_WARN_ABOUT_RETURN_TYPE = YES_ERROR;
				GCC_WARN_UNDECLARED_SELECTOR = YES;
				GCC_WARN_UNINITIALIZED_AUTOS = YES_AGGRESSIVE;
				GCC_WARN_UNUSED_FUNCTION = YES;
				GCC_WARN_UNUSED_VARIABLE = YES;
				IPHONEOS_DEPLOYMENT_TARGET = 9.1;
				MTL_ENABLE_DEBUG_INFO = NO;
				SDKROOT = iphoneos;
				VALIDATE_PRODUCT = YES;
			};
			name = Release;
		};
		5079DC371BED7D32009AAD8F /* Debug */ = {
			isa = XCBuildConfiguration;
			baseConfigurationReference = F047351E0C4F1884A29A8967 /* Pods.debug.xcconfig */;
			buildSettings = {
				ASSETCATALOG_COMPILER_APPICON_NAME = AppIcon;
				CODE_SIGN_IDENTITY = "iPhone Developer";
				"CODE_SIGN_IDENTITY[sdk=iphoneos*]" = "iPhone Developer";
				INFOPLIST_FILE = Frame/Info.plist;
				IPHONEOS_DEPLOYMENT_TARGET = 8.0;
				LD_RUNPATH_SEARCH_PATHS = "$(inherited) @executable_path/Frameworks";
				PRODUCT_BUNDLE_IDENTIFIER = com.c4q.Frame;
				PRODUCT_NAME = "$(TARGET_NAME)";
				PROVISIONING_PROFILE = "";
			};
			name = Debug;
		};
		5079DC381BED7D32009AAD8F /* Release */ = {
			isa = XCBuildConfiguration;
			baseConfigurationReference = 8F495C2BA51DA9F25CAA5D75 /* Pods.release.xcconfig */;
			buildSettings = {
				ASSETCATALOG_COMPILER_APPICON_NAME = AppIcon;
				CODE_SIGN_IDENTITY = "iPhone Developer";
				"CODE_SIGN_IDENTITY[sdk=iphoneos*]" = "iPhone Developer";
				INFOPLIST_FILE = Frame/Info.plist;
				IPHONEOS_DEPLOYMENT_TARGET = 8.0;
				LD_RUNPATH_SEARCH_PATHS = "$(inherited) @executable_path/Frameworks";
				PRODUCT_BUNDLE_IDENTIFIER = com.c4q.Frame;
				PRODUCT_NAME = "$(TARGET_NAME)";
				PROVISIONING_PROFILE = "";
			};
			name = Release;
		};
/* End XCBuildConfiguration section */

/* Begin XCConfigurationList section */
		5079DC1A1BED7D31009AAD8F /* Build configuration list for PBXProject "Frame" */ = {
			isa = XCConfigurationList;
			buildConfigurations = (
				5079DC341BED7D32009AAD8F /* Debug */,
				5079DC351BED7D32009AAD8F /* Release */,
			);
			defaultConfigurationIsVisible = 0;
			defaultConfigurationName = Release;
		};
		5079DC361BED7D32009AAD8F /* Build configuration list for PBXNativeTarget "Frame" */ = {
			isa = XCConfigurationList;
			buildConfigurations = (
				5079DC371BED7D32009AAD8F /* Debug */,
				5079DC381BED7D32009AAD8F /* Release */,
			);
			defaultConfigurationIsVisible = 0;
			defaultConfigurationName = Release;
		};
/* End XCConfigurationList section */

/* Begin XCVersionGroup section */
		89ED1C3E1C128291006F873F /* UserDataModel.xcdatamodeld */ = {
			isa = XCVersionGroup;
			children = (
				89ED1C3F1C128291006F873F /* UserDataModel.xcdatamodel */,
			);
			currentVersion = 89ED1C3F1C128291006F873F /* UserDataModel.xcdatamodel */;
			path = UserDataModel.xcdatamodeld;
			sourceTree = "<group>";
			versionGroupType = wrapper.xcdatamodel;
		};
/* End XCVersionGroup section */
	};
	rootObject = 5079DC171BED7D31009AAD8F /* Project object */;
}
